{
  "originHash" : "c535d3cdb62bd4e11e67f3c9e68290fa7ee9306634c5f56d2b0396eb75ed41ee",
  "pins" : [
    {
      "identity" : "mpvkit",
      "kind" : "remoteSourceControl",
      "location" : "https://github.com/edde746/MPVKit",
      "state" : {
        "revision" : "8627bae097f45b705ac3cbc8972df115018f2090",
        "version" : "1.0.17"
      }
    }
  ],
  "version" : 3
}
