{
  "pins" : [
    {
      "identity" : "mpv-build",
      "kind" : "remoteSourceControl",
      "location" : "https://github.com/edde746/mpv-build",
      "state" : {
        "revision" : "ebd1676d6828cb1dc4ea7240b2e1ba53bdb801e3"
      }
    },
    {
      "identity" : "sentry-cocoa",
      "kind" : "remoteSourceControl",
      "location" : "https://github.com/getsentry/sentry-cocoa",
      "state" : {
        "revision" : "f196cbb98e0388381d57908f2f5a9bdc385cde68",
        "version" : "8.58.4"
      }
    }
  ],
  "version" : 2
}
